
Microsoft Visual Studio Solution File, Format Version 12.00
# Visual Studio 15
VisualStudioVersion = 15.0.28307.1022
MinimumVisualStudioVersion = 10.0.40219.1
Project("{FAE04EC0-301F-11D3-BF4B-00C04F79EFBC}") = "ConsoleApp2", "ConsoleApp2\ConsoleApp2.csproj", "{C65F0FB2-BC14-406F-9176-F2D86A9EE648}"
EndProject
Global
	GlobalSection(SolutionConfigurationPlatforms) = preSolution
		Debug|Any CPU = Debug|Any CPU
		Release|Any CPU = Release|Any CPU
	EndGlobalSection
	GlobalSection(ProjectConfigurationPlatforms) = postSolution
		{C65F0FB2-BC14-406F-9176-F2D86A9EE648}.Debug|Any CPU.ActiveCfg = Debug|Any CPU
		{C65F0FB2-BC14-406F-9176-F2D86A9EE648}.Debug|Any CPU.Build.0 = Debug|Any CPU
		{C65F0FB2-BC14-406F-9176-F2D86A9EE648}.Release|Any CPU.ActiveCfg = Release|Any CPU
		{C65F0FB2-BC14-406F-9176-F2D86A9EE648}.Release|Any CPU.Build.0 = Release|Any CPU
	EndGlobalSection
	GlobalSection(SolutionProperties) = preSolution
		HideSolutionNode = FALSE
	EndGlobalSection
	GlobalSection(ExtensibilityGlobals) = postSolution
		SolutionGuid = {62494DB9-155C-434A-A219-2BF507A665BD}
	EndGlobalSection
EndGlobal
